// !$*UTF8*$!
{
	archiveVersion = 1;
	classes = {
	};
	objectVersion = 46;
	objects = {

/* Begin PBXBuildFile section */
		4F778F2F1AD5030B00317960 /* main.m in Sources */ = {isa = PBXBuildFile; fileRef = 4F778F2E1AD5030B00317960 /* main.m */; };
		4F778F321AD5030B00317960 /* AppDelegate.m in Sources */ = {isa = PBXBuildFile; fileRef = 4F778F311AD5030B00317960 /* AppDelegate.m */; };
		4F778F351AD5030B00317960 /* ViewController.m in Sources */ = {isa = PBXBuildFile; fileRef = 4F778F341AD5030B00317960 /* ViewController.m */; };
		4F778F381AD5030B00317960 /* Main.storyboard in Resources */ = {isa = PBXBuildFile; fileRef = 4F778F361AD5030B00317960 /* Main.storyboard */; };
		4F778F3A1AD5030B00317960 /* Images.xcassets in Resources */ = {isa = PBXBuildFile; fileRef = 4F778F391AD5030B00317960 /* Images.xcassets */; };
		4F778F3D1AD5030B00317960 /* LaunchScreen.xib in Resources */ = {isa = PBXBuildFile; fileRef = 4F778F3B1AD5030B00317960 /* LaunchScreen.xib */; };
		4F778F491AD5030B00317960 /* AnimationDemoTests.m in Sources */ = {isa = PBXBuildFile; fileRef = 4F778F481AD5030B00317960 /* AnimationDemoTests.m */; };
		4F778F931AD5037500317960 /* dropdown_anim__00010@2x.png in Resources */ = {isa = PBXBuildFile; fileRef = 4F778F531AD5037500317960 /* dropdown_anim__00010@2x.png */; };
		4F778F941AD5037500317960 /* dropdown_anim__00010@2x.png in Resources */ = {isa = PBXBuildFile; fileRef = 4F778F531AD5037500317960 /* dropdown_anim__00010@2x.png */; };
		4F778F951AD5037500317960 /* dropdown_anim__00011@2x.png in Resources */ = {isa = PBXBuildFile; fileRef = 4F778F541AD5037500317960 /* dropdown_anim__00011@2x.png */; };
		4F778F961AD5037500317960 /* dropdown_anim__00011@2x.png in Resources */ = {isa = PBXBuildFile; fileRef = 4F778F541AD5037500317960 /* dropdown_anim__00011@2x.png */; };
		4F778F971AD5037500317960 /* dropdown_anim__00012@2x.png in Resources */ = {isa = PBXBuildFile; fileRef = 4F778F551AD5037500317960 /* dropdown_anim__00012@2x.png */; };
		4F778F981AD5037500317960 /* dropdown_anim__00012@2x.png in Resources */ = {isa = PBXBuildFile; fileRef = 4F778F551AD5037500317960 /* dropdown_anim__00012@2x.png */; };
		4F778F991AD5037500317960 /* dropdown_anim__00013@2x.png in Resources */ = {isa = PBXBuildFile; fileRef = 4F778F561AD5037500317960 /* dropdown_anim__00013@2x.png */; };
		4F778F9A1AD5037500317960 /* dropdown_anim__00013@2x.png in Resources */ = {isa = PBXBuildFile; fileRef = 4F778F561AD5037500317960 /* dropdown_anim__00013@2x.png */; };
		4F778F9B1AD5037500317960 /* dropdown_anim__00014@2x.png in Resources */ = {isa = PBXBuildFile; fileRef = 4F778F571AD5037500317960 /* dropdown_anim__00014@2x.png */; };
		4F778F9C1AD5037500317960 /* dropdown_anim__00014@2x.png in Resources */ = {isa = PBXBuildFile; fileRef = 4F778F571AD5037500317960 /* dropdown_anim__00014@2x.png */; };
		4F778F9D1AD5037500317960 /* dropdown_anim__00015@2x.png in Resources */ = {isa = PBXBuildFile; fileRef = 4F778F581AD5037500317960 /* dropdown_anim__00015@2x.png */; };
		4F778F9E1AD5037500317960 /* dropdown_anim__00015@2x.png in Resources */ = {isa = PBXBuildFile; fileRef = 4F778F581AD5037500317960 /* dropdown_anim__00015@2x.png */; };
		4F778F9F1AD5037500317960 /* dropdown_anim__00016@2x.png in Resources */ = {isa = PBXBuildFile; fileRef = 4F778F591AD5037500317960 /* dropdown_anim__00016@2x.png */; };
		4F778FA01AD5037500317960 /* dropdown_anim__00016@2x.png in Resources */ = {isa = PBXBuildFile; fileRef = 4F778F591AD5037500317960 /* dropdown_anim__00016@2x.png */; };
		4F778FA11AD5037500317960 /* dropdown_anim__00017@2x.png in Resources */ = {isa = PBXBuildFile; fileRef = 4F778F5A1AD5037500317960 /* dropdown_anim__00017@2x.png */; };
		4F778FA21AD5037500317960 /* dropdown_anim__00017@2x.png in Resources */ = {isa = PBXBuildFile; fileRef = 4F778F5A1AD5037500317960 /* dropdown_anim__00017@2x.png */; };
		4F778FA31AD5037500317960 /* dropdown_anim__00018@2x.png in Resources */ = {isa = PBXBuildFile; fileRef = 4F778F5B1AD5037500317960 /* dropdown_anim__00018@2x.png */; };
		4F778FA41AD5037500317960 /* dropdown_anim__00018@2x.png in Resources */ = {isa = PBXBuildFile; fileRef = 4F778F5B1AD5037500317960 /* dropdown_anim__00018@2x.png */; };
		4F778FA51AD5037500317960 /* dropdown_anim__00019@2x.png in Resources */ = {isa = PBXBuildFile; fileRef = 4F778F5C1AD5037500317960 /* dropdown_anim__00019@2x.png */; };
		4F778FA61AD5037500317960 /* dropdown_anim__00019@2x.png in Resources */ = {isa = PBXBuildFile; fileRef = 4F778F5C1AD5037500317960 /* dropdown_anim__00019@2x.png */; };
		4F778FA71AD5037500317960 /* dropdown_anim__0001@2x.png in Resources */ = {isa = PBXBuildFile; fileRef = 4F778F5D1AD5037500317960 /* dropdown_anim__0001@2x.png */; };
		4F778FA81AD5037500317960 /* dropdown_anim__0001@2x.png in Resources */ = {isa = PBXBuildFile; fileRef = 4F778F5D1AD5037500317960 /* dropdown_anim__0001@2x.png */; };
		4F778FA91AD5037500317960 /* dropdown_anim__00020@2x.png in Resources */ = {isa = PBXBuildFile; fileRef = 4F778F5E1AD5037500317960 /* dropdown_anim__00020@2x.png */; };
		4F778FAA1AD5037500317960 /* dropdown_anim__00020@2x.png in Resources */ = {isa = PBXBuildFile; fileRef = 4F778F5E1AD5037500317960 /* dropdown_anim__00020@2x.png */; };
		4F778FAB1AD5037500317960 /* dropdown_anim__00021@2x.png in Resources */ = {isa = PBXBuildFile; fileRef = 4F778F5F1AD5037500317960 /* dropdown_anim__00021@2x.png */; };
		4F778FAC1AD5037500317960 /* dropdown_anim__00021@2x.png in Resources */ = {isa = PBXBuildFile; fileRef = 4F778F5F1AD5037500317960 /* dropdown_anim__00021@2x.png */; };
		4F778FAD1AD5037500317960 /* dropdown_anim__00022@2x.png in Resources */ = {isa = PBXBuildFile; fileRef = 4F778F601AD5037500317960 /* dropdown_anim__00022@2x.png */; };
		4F778FAE1AD5037500317960 /* dropdown_anim__00022@2x.png in Resources */ = {isa = PBXBuildFile; fileRef = 4F778F601AD5037500317960 /* dropdown_anim__00022@2x.png */; };
		4F778FAF1AD5037500317960 /* dropdown_anim__00023@2x.png in Resources */ = {isa = PBXBuildFile; fileRef = 4F778F611AD5037500317960 /* dropdown_anim__00023@2x.png */; };
		4F778FB01AD5037500317960 /* dropdown_anim__00023@2x.png in Resources */ = {isa = PBXBuildFile; fileRef = 4F778F611AD5037500317960 /* dropdown_anim__00023@2x.png */; };
		4F778FB11AD5037500317960 /* dropdown_anim__00024@2x.png in Resources */ = {isa = PBXBuildFile; fileRef = 4F778F621AD5037500317960 /* dropdown_anim__00024@2x.png */; };
		4F778FB21AD5037500317960 /* dropdown_anim__00024@2x.png in Resources */ = {isa = PBXBuildFile; fileRef = 4F778F621AD5037500317960 /* dropdown_anim__00024@2x.png */; };
		4F778FB31AD5037500317960 /* dropdown_anim__00025@2x.png in Resources */ = {isa = PBXBuildFile; fileRef = 4F778F631AD5037500317960 /* dropdown_anim__00025@2x.png */; };
		4F778FB41AD5037500317960 /* dropdown_anim__00025@2x.png in Resources */ = {isa = PBXBuildFile; fileRef = 4F778F631AD5037500317960 /* dropdown_anim__00025@2x.png */; };
		4F778FB51AD5037500317960 /* dropdown_anim__00026@2x.png in Resources */ = {isa = PBXBuildFile; fileRef = 4F778F641AD5037500317960 /* dropdown_anim__00026@2x.png */; };
		4F778FB61AD5037500317960 /* dropdown_anim__00026@2x.png in Resources */ = {isa = PBXBuildFile; fileRef = 4F778F641AD5037500317960 /* dropdown_anim__00026@2x.png */; };
		4F778FB71AD5037500317960 /* dropdown_anim__00027@2x.png in Resources */ = {isa = PBXBuildFile; fileRef = 4F778F651AD5037500317960 /* dropdown_anim__00027@2x.png */; };
		4F778FB81AD5037500317960 /* dropdown_anim__00027@2x.png in Resources */ = {isa = PBXBuildFile; fileRef = 4F778F651AD5037500317960 /* dropdown_anim__00027@2x.png */; };
		4F778FB91AD5037500317960 /* dropdown_anim__00028@2x.png in Resources */ = {isa = PBXBuildFile; fileRef = 4F778F661AD5037500317960 /* dropdown_anim__00028@2x.png */; };
		4F778FBA1AD5037500317960 /* dropdown_anim__00028@2x.png in Resources */ = {isa = PBXBuildFile; fileRef = 4F778F661AD5037500317960 /* dropdown_anim__00028@2x.png */; };
		4F778FBB1AD5037500317960 /* dropdown_anim__00029@2x.png in Resources */ = {isa = PBXBuildFile; fileRef = 4F778F671AD5037500317960 /* dropdown_anim__00029@2x.png */; };
		4F778FBC1AD5037500317960 /* dropdown_anim__00029@2x.png in Resources */ = {isa = PBXBuildFile; fileRef = 4F778F671AD5037500317960 /* dropdown_anim__00029@2x.png */; };
		4F778FBD1AD5037500317960 /* dropdown_anim__0002@2x.png in Resources */ = {isa = PBXBuildFile; fileRef = 4F778F681AD5037500317960 /* dropdown_anim__0002@2x.png */; };
		4F778FBE1AD5037500317960 /* dropdown_anim__0002@2x.png in Resources */ = {isa = PBXBuildFile; fileRef = 4F778F681AD5037500317960 /* dropdown_anim__0002@2x.png */; };
		4F778FBF1AD5037500317960 /* dropdown_anim__00030@2x.png in Resources */ = {isa = PBXBuildFile; fileRef = 4F778F691AD5037500317960 /* dropdown_anim__00030@2x.png */; };
		4F778FC01AD5037500317960 /* dropdown_anim__00030@2x.png in Resources */ = {isa = PBXBuildFile; fileRef = 4F778F691AD5037500317960 /* dropdown_anim__00030@2x.png */; };
		4F778FC11AD5037500317960 /* dropdown_anim__00031@2x.png in Resources */ = {isa = PBXBuildFile; fileRef = 4F778F6A1AD5037500317960 /* dropdown_anim__00031@2x.png */; };
		4F778FC21AD5037500317960 /* dropdown_anim__00031@2x.png in Resources */ = {isa = PBXBuildFile; fileRef = 4F778F6A1AD5037500317960 /* dropdown_anim__00031@2x.png */; };
		4F778FC31AD5037500317960 /* dropdown_anim__00032@2x.png in Resources */ = {isa = PBXBuildFile; fileRef = 4F778F6B1AD5037500317960 /* dropdown_anim__00032@2x.png */; };
		4F778FC41AD5037500317960 /* dropdown_anim__00032@2x.png in Resources */ = {isa = PBXBuildFile; fileRef = 4F778F6B1AD5037500317960 /* dropdown_anim__00032@2x.png */; };
		4F778FC51AD5037500317960 /* dropdown_anim__00033@2x.png in Resources */ = {isa = PBXBuildFile; fileRef = 4F778F6C1AD5037500317960 /* dropdown_anim__00033@2x.png */; };
		4F778FC61AD5037500317960 /* dropdown_anim__00033@2x.png in Resources */ = {isa = PBXBuildFile; fileRef = 4F778F6C1AD5037500317960 /* dropdown_anim__00033@2x.png */; };
		4F778FC71AD5037500317960 /* dropdown_anim__00034@2x.png in Resources */ = {isa = PBXBuildFile; fileRef = 4F778F6D1AD5037500317960 /* dropdown_anim__00034@2x.png */; };
		4F778FC81AD5037500317960 /* dropdown_anim__00034@2x.png in Resources */ = {isa = PBXBuildFile; fileRef = 4F778F6D1AD5037500317960 /* dropdown_anim__00034@2x.png */; };
		4F778FC91AD5037500317960 /* dropdown_anim__00035@2x.png in Resources */ = {isa = PBXBuildFile; fileRef = 4F778F6E1AD5037500317960 /* dropdown_anim__00035@2x.png */; };
		4F778FCA1AD5037500317960 /* dropdown_anim__00035@2x.png in Resources */ = {isa = PBXBuildFile; fileRef = 4F778F6E1AD5037500317960 /* dropdown_anim__00035@2x.png */; };
		4F778FCB1AD5037500317960 /* dropdown_anim__00036@2x.png in Resources */ = {isa = PBXBuildFile; fileRef = 4F778F6F1AD5037500317960 /* dropdown_anim__00036@2x.png */; };
		4F778FCC1AD5037500317960 /* dropdown_anim__00036@2x.png in Resources */ = {isa = PBXBuildFile; fileRef = 4F778F6F1AD5037500317960 /* dropdown_anim__00036@2x.png */; };
		4F778FCD1AD5037500317960 /* dropdown_anim__00037@2x.png in Resources */ = {isa = PBXBuildFile; fileRef = 4F778F701AD5037500317960 /* dropdown_anim__00037@2x.png */; };
		4F778FCE1AD5037500317960 /* dropdown_anim__00037@2x.png in Resources */ = {isa = PBXBuildFile; fileRef = 4F778F701AD5037500317960 /* dropdown_anim__00037@2x.png */; };
		4F778FCF1AD5037500317960 /* dropdown_anim__00038@2x.png in Resources */ = {isa = PBXBuildFile; fileRef = 4F778F711AD5037500317960 /* dropdown_anim__00038@2x.png */; };
		4F778FD01AD5037500317960 /* dropdown_anim__00038@2x.png in Resources */ = {isa = PBXBuildFile; fileRef = 4F778F711AD5037500317960 /* dropdown_anim__00038@2x.png */; };
		4F778FD11AD5037500317960 /* dropdown_anim__00039@2x.png in Resources */ = {isa = PBXBuildFile; fileRef = 4F778F721AD5037500317960 /* dropdown_anim__00039@2x.png */; };
		4F778FD21AD5037500317960 /* dropdown_anim__00039@2x.png in Resources */ = {isa = PBXBuildFile; fileRef = 4F778F721AD5037500317960 /* dropdown_anim__00039@2x.png */; };
		4F778FD31AD5037500317960 /* dropdown_anim__0003@2x.png in Resources */ = {isa = PBXBuildFile; fileRef = 4F778F731AD5037500317960 /* dropdown_anim__0003@2x.png */; };
		4F778FD41AD5037500317960 /* dropdown_anim__0003@2x.png in Resources */ = {isa = PBXBuildFile; fileRef = 4F778F731AD5037500317960 /* dropdown_anim__0003@2x.png */; };
		4F778FD51AD5037500317960 /* dropdown_anim__00040@2x.png in Resources */ = {isa = PBXBuildFile; fileRef = 4F778F741AD5037500317960 /* dropdown_anim__00040@2x.png */; };
		4F778FD61AD5037500317960 /* dropdown_anim__00040@2x.png in Resources */ = {isa = PBXBuildFile; fileRef = 4F778F741AD5037500317960 /* dropdown_anim__00040@2x.png */; };
		4F778FD71AD5037500317960 /* dropdown_anim__00041@2x.png in Resources */ = {isa = PBXBuildFile; fileRef = 4F778F751AD5037500317960 /* dropdown_anim__00041@2x.png */; };
		4F778FD81AD5037500317960 /* dropdown_anim__00041@2x.png in Resources */ = {isa = PBXBuildFile; fileRef = 4F778F751AD5037500317960 /* dropdown_anim__00041@2x.png */; };
		4F778FD91AD5037500317960 /* dropdown_anim__00042@2x.png in Resources */ = {isa = PBXBuildFile; fileRef = 4F778F761AD5037500317960 /* dropdown_anim__00042@2x.png */; };
		4F778FDA1AD5037500317960 /* dropdown_anim__00042@2x.png in Resources */ = {isa = PBXBuildFile; fileRef = 4F778F761AD5037500317960 /* dropdown_anim__00042@2x.png */; };
		4F778FDB1AD5037500317960 /* dropdown_anim__00043@2x.png in Resources */ = {isa = PBXBuildFile; fileRef = 4F778F771AD5037500317960 /* dropdown_anim__00043@2x.png */; };
		4F778FDC1AD5037500317960 /* dropdown_anim__00043@2x.png in Resources */ = {isa = PBXBuildFile; fileRef = 4F778F771AD5037500317960 /* dropdown_anim__00043@2x.png */; };
		4F778FDD1AD5037500317960 /* dropdown_anim__00044@2x.png in Resources */ = {isa = PBXBuildFile; fileRef = 4F778F781AD5037500317960 /* dropdown_anim__00044@2x.png */; };
		4F778FDE1AD5037500317960 /* dropdown_anim__00044@2x.png in Resources */ = {isa = PBXBuildFile; fileRef = 4F778F781AD5037500317960 /* dropdown_anim__00044@2x.png */; };
		4F778FDF1AD5037500317960 /* dropdown_anim__00045@2x.png in Resources */ = {isa = PBXBuildFile; fileRef = 4F778F791AD5037500317960 /* dropdown_anim__00045@2x.png */; };
		4F778FE01AD5037500317960 /* dropdown_anim__00045@2x.png in Resources */ = {isa = PBXBuildFile; fileRef = 4F778F791AD5037500317960 /* dropdown_anim__00045@2x.png */; };
		4F778FE11AD5037500317960 /* dropdown_anim__00046@2x.png in Resources */ = {isa = PBXBuildFile; fileRef = 4F778F7A1AD5037500317960 /* dropdown_anim__00046@2x.png */; };
		4F778FE21AD5037500317960 /* dropdown_anim__00046@2x.png in Resources */ = {isa = PBXBuildFile; fileRef = 4F778F7A1AD5037500317960 /* dropdown_anim__00046@2x.png */; };
		4F778FE31AD5037500317960 /* dropdown_anim__00047@2x.png in Resources */ = {isa = PBXBuildFile; fileRef = 4F778F7B1AD5037500317960 /* dropdown_anim__00047@2x.png */; };
		4F778FE41AD5037500317960 /* dropdown_anim__00047@2x.png in Resources */ = {isa = PBXBuildFile; fileRef = 4F778F7B1AD5037500317960 /* dropdown_anim__00047@2x.png */; };
		4F778FE51AD5037500317960 /* dropdown_anim__00048@2x.png in Resources */ = {isa = PBXBuildFile; fileRef = 4F778F7C1AD5037500317960 /* dropdown_anim__00048@2x.png */; };
		4F778FE61AD5037500317960 /* dropdown_anim__00048@2x.png in Resources */ = {isa = PBXBuildFile; fileRef = 4F778F7C1AD5037500317960 /* dropdown_anim__00048@2x.png */; };
		4F778FE71AD5037500317960 /* dropdown_anim__00049@2x.png in Resources */ = {isa = PBXBuildFile; fileRef = 4F778F7D1AD5037500317960 /* dropdown_anim__00049@2x.png */; };
		4F778FE81AD5037500317960 /* dropdown_anim__00049@2x.png in Resources */ = {isa = PBXBuildFile; fileRef = 4F778F7D1AD5037500317960 /* dropdown_anim__00049@2x.png */; };
		4F778FE91AD5037500317960 /* dropdown_anim__0004@2x.png in Resources */ = {isa = PBXBuildFile; fileRef = 4F778F7E1AD5037500317960 /* dropdown_anim__0004@2x.png */; };
		4F778FEA1AD5037500317960 /* dropdown_anim__0004@2x.png in Resources */ = {isa = PBXBuildFile; fileRef = 4F778F7E1AD5037500317960 /* dropdown_anim__0004@2x.png */; };
		4F778FEB1AD5037500317960 /* dropdown_anim__00050@2x.png in Resources */ = {isa = PBXBuildFile; fileRef = 4F778F7F1AD5037500317960 /* dropdown_anim__00050@2x.png */; };
		4F778FEC1AD5037500317960 /* dropdown_anim__00050@2x.png in Resources */ = {isa = PBXBuildFile; fileRef = 4F778F7F1AD5037500317960 /* dropdown_anim__00050@2x.png */; };
		4F778FED1AD5037500317960 /* dropdown_anim__00051@2x.png in Resources */ = {isa = PBXBuildFile; fileRef = 4F778F801AD5037500317960 /* dropdown_anim__00051@2x.png */; };
		4F778FEE1AD5037500317960 /* dropdown_anim__00051@2x.png in Resources */ = {isa = PBXBuildFile; fileRef = 4F778F801AD5037500317960 /* dropdown_anim__00051@2x.png */; };
		4F778FEF1AD5037500317960 /* dropdown_anim__00052@2x.png in Resources */ = {isa = PBXBuildFile; fileRef = 4F778F811AD5037500317960 /* dropdown_anim__00052@2x.png */; };
		4F778FF01AD5037500317960 /* dropdown_anim__00052@2x.png in Resources */ = {isa = PBXBuildFile; fileRef = 4F778F811AD5037500317960 /* dropdown_anim__00052@2x.png */; };
		4F778FF11AD5037500317960 /* dropdown_anim__00053@2x.png in Resources */ = {isa = PBXBuildFile; fileRef = 4F778F821AD5037500317960 /* dropdown_anim__00053@2x.png */; };
		4F778FF21AD5037500317960 /* dropdown_anim__00053@2x.png in Resources */ = {isa = PBXBuildFile; fileRef = 4F778F821AD5037500317960 /* dropdown_anim__00053@2x.png */; };
		4F778FF31AD5037500317960 /* dropdown_anim__00054@2x.png in Resources */ = {isa = PBXBuildFile; fileRef = 4F778F831AD5037500317960 /* dropdown_anim__00054@2x.png */; };
		4F778FF41AD5037500317960 /* dropdown_anim__00054@2x.png in Resources */ = {isa = PBXBuildFile; fileRef = 4F778F831AD5037500317960 /* dropdown_anim__00054@2x.png */; };
		4F778FF51AD5037500317960 /* dropdown_anim__00055@2x.png in Resources */ = {isa = PBXBuildFile; fileRef = 4F778F841AD5037500317960 /* dropdown_anim__00055@2x.png */; };
		4F778FF61AD5037500317960 /* dropdown_anim__00055@2x.png in Resources */ = {isa = PBXBuildFile; fileRef = 4F778F841AD5037500317960 /* dropdown_anim__00055@2x.png */; };
		4F778FF71AD5037500317960 /* dropdown_anim__00056@2x.png in Resources */ = {isa = PBXBuildFile; fileRef = 4F778F851AD5037500317960 /* dropdown_anim__00056@2x.png */; };
		4F778FF81AD5037500317960 /* dropdown_anim__00056@2x.png in Resources */ = {isa = PBXBuildFile; fileRef = 4F778F851AD5037500317960 /* dropdown_anim__00056@2x.png */; };
		4F778FF91AD5037500317960 /* dropdown_anim__00057@2x.png in Resources */ = {isa = PBXBuildFile; fileRef = 4F778F861AD5037500317960 /* dropdown_anim__00057@2x.png */; };
		4F778FFA1AD5037500317960 /* dropdown_anim__00057@2x.png in Resources */ = {isa = PBXBuildFile; fileRef = 4F778F861AD5037500317960 /* dropdown_anim__00057@2x.png */; };
		4F778FFB1AD5037500317960 /* dropdown_anim__00058@2x.png in Resources */ = {isa = PBXBuildFile; fileRef = 4F778F871AD5037500317960 /* dropdown_anim__00058@2x.png */; };
		4F778FFC1AD5037500317960 /* dropdown_anim__00058@2x.png in Resources */ = {isa = PBXBuildFile; fileRef = 4F778F871AD5037500317960 /* dropdown_anim__00058@2x.png */; };
		4F778FFD1AD5037500317960 /* dropdown_anim__00059@2x.png in Resources */ = {isa = PBXBuildFile; fileRef = 4F778F881AD5037500317960 /* dropdown_anim__00059@2x.png */; };
		4F778FFE1AD5037500317960 /* dropdown_anim__00059@2x.png in Resources */ = {isa = PBXBuildFile; fileRef = 4F778F881AD5037500317960 /* dropdown_anim__00059@2x.png */; };
		4F778FFF1AD5037500317960 /* dropdown_anim__0005@2x.png in Resources */ = {isa = PBXBuildFile; fileRef = 4F778F891AD5037500317960 /* dropdown_anim__0005@2x.png */; };
		4F7790001AD5037500317960 /* dropdown_anim__0005@2x.png in Resources */ = {isa = PBXBuildFile; fileRef = 4F778F891AD5037500317960 /* dropdown_anim__0005@2x.png */; };
		4F7790011AD5037500317960 /* dropdown_anim__00060@2x.png in Resources */ = {isa = PBXBuildFile; fileRef = 4F778F8A1AD5037500317960 /* dropdown_anim__00060@2x.png */; };
		4F7790021AD5037500317960 /* dropdown_anim__00060@2x.png in Resources */ = {isa = PBXBuildFile; fileRef = 4F778F8A1AD5037500317960 /* dropdown_anim__00060@2x.png */; };
		4F7790031AD5037500317960 /* dropdown_anim__0006@2x.png in Resources */ = {isa = PBXBuildFile; fileRef = 4F778F8B1AD5037500317960 /* dropdown_anim__0006@2x.png */; };
		4F7790041AD5037500317960 /* dropdown_anim__0006@2x.png in Resources */ = {isa = PBXBuildFile; fileRef = 4F778F8B1AD5037500317960 /* dropdown_anim__0006@2x.png */; };
		4F7790051AD5037500317960 /* dropdown_anim__0007@2x.png in Resources */ = {isa = PBXBuildFile; fileRef = 4F778F8C1AD5037500317960 /* dropdown_anim__0007@2x.png */; };
		4F7790061AD5037500317960 /* dropdown_anim__0007@2x.png in Resources */ = {isa = PBXBuildFile; fileRef = 4F778F8C1AD5037500317960 /* dropdown_anim__0007@2x.png */; };
		4F7790071AD5037500317960 /* dropdown_anim__0008@2x.png in Resources */ = {isa = PBXBuildFile; fileRef = 4F778F8D1AD5037500317960 /* dropdown_anim__0008@2x.png */; };
		4F7790081AD5037500317960 /* dropdown_anim__0008@2x.png in Resources */ = {isa = PBXBuildFile; fileRef = 4F778F8D1AD5037500317960 /* dropdown_anim__0008@2x.png */; };
		4F7790091AD5037500317960 /* dropdown_anim__0009@2x.png in Resources */ = {isa = PBXBuildFile; fileRef = 4F778F8E1AD5037500317960 /* dropdown_anim__0009@2x.png */; };
		4F77900A1AD5037500317960 /* dropdown_anim__0009@2x.png in Resources */ = {isa = PBXBuildFile; fileRef = 4F778F8E1AD5037500317960 /* dropdown_anim__0009@2x.png */; };
		4F77900B1AD5037500317960 /* dropdown_loading_01@2x.png in Resources */ = {isa = PBXBuildFile; fileRef = 4F778F901AD5037500317960 /* dropdown_loading_01@2x.png */; };
		4F77900C1AD5037500317960 /* dropdown_loading_01@2x.png in Resources */ = {isa = PBXBuildFile; fileRef = 4F778F901AD5037500317960 /* dropdown_loading_01@2x.png */; };
		4F77900D1AD5037500317960 /* dropdown_loading_02@2x.png in Resources */ = {isa = PBXBuildFile; fileRef = 4F778F911AD5037500317960 /* dropdown_loading_02@2x.png */; };
		4F77900E1AD5037500317960 /* dropdown_loading_02@2x.png in Resources */ = {isa = PBXBuildFile; fileRef = 4F778F911AD5037500317960 /* dropdown_loading_02@2x.png */; };
		4F77900F1AD5037500317960 /* dropdown_loading_03@2x.png in Resources */ = {isa = PBXBuildFile; fileRef = 4F778F921AD5037500317960 /* dropdown_loading_03@2x.png */; };
		4F7790101AD5037500317960 /* dropdown_loading_03@2x.png in Resources */ = {isa = PBXBuildFile; fileRef = 4F778F921AD5037500317960 /* dropdown_loading_03@2x.png */; };
/* End PBXBuildFile section */

/* Begin PBXContainerItemProxy section */
		4F778F431AD5030B00317960 /* PBXContainerItemProxy */ = {
			isa = PBXContainerItemProxy;
			containerPortal = 4F778F211AD5030B00317960 /* Project object */;
			proxyType = 1;
			remoteGlobalIDString = 4F778F281AD5030B00317960;
			remoteInfo = AnimationDemo;
		};
/* End PBXContainerItemProxy section */

/* Begin PBXFileReference section */
		4F778F291AD5030B00317960 /* AnimationDemo.app */ = {isa = PBXFileReference; explicitFileType = wrapper.application; includeInIndex = 0; path = AnimationDemo.app; sourceTree = BUILT_PRODUCTS_DIR; };
		4F778F2D1AD5030B00317960 /* Info.plist */ = {isa = PBXFileReference; lastKnownFileType = text.plist.xml; path = Info.plist; sourceTree = "<group>"; };
		4F778F2E1AD5030B00317960 /* main.m */ = {isa = PBXFileReference; lastKnownFileType = sourcecode.c.objc; path = main.m; sourceTree = "<group>"; };
		4F778F301AD5030B00317960 /* AppDelegate.h */ = {isa = PBXFileReference; lastKnownFileType = sourcecode.c.h; path = AppDelegate.h; sourceTree = "<group>"; };
		4F778F311AD5030B00317960 /* AppDelegate.m */ = {isa = PBXFileReference; lastKnownFileType = sourcecode.c.objc; path = AppDelegate.m; sourceTree = "<group>"; };
		4F778F331AD5030B00317960 /* ViewController.h */ = {isa = PBXFileReference; lastKnownFileType = sourcecode.c.h; path = ViewController.h; sourceTree = "<group>"; };
		4F778F341AD5030B00317960 /* ViewController.m */ = {isa = PBXFileReference; lastKnownFileType = sourcecode.c.objc; path = ViewController.m; sourceTree = "<group>"; };
		4F778F371AD5030B00317960 /* Base */ = {isa = PBXFileReference; lastKnownFileType = file.storyboard; name = Base; path = Base.lproj/Main.storyboard; sourceTree = "<group>"; };
		4F778F391AD5030B00317960 /* Images.xcassets */ = {isa = PBXFileReference; lastKnownFileType = folder.assetcatalog; path = Images.xcassets; sourceTree = "<group>"; };
		4F778F3C1AD5030B00317960 /* Base */ = {isa = PBXFileReference; lastKnownFileType = file.xib; name = Base; path = Base.lproj/LaunchScreen.xib; sourceTree = "<group>"; };
		4F778F421AD5030B00317960 /* AnimationDemoTests.xctest */ = {isa = PBXFileReference; explicitFileType = wrapper.cfbundle; includeInIndex = 0; path = AnimationDemoTests.xctest; sourceTree = BUILT_PRODUCTS_DIR; };
		4F778F471AD5030B00317960 /* Info.plist */ = {isa = PBXFileReference; lastKnownFileType = text.plist.xml; path = Info.plist; sourceTree = "<group>"; };
		4F778F481AD5030B00317960 /* AnimationDemoTests.m */ = {isa = PBXFileReference; lastKnownFileType = sourcecode.c.objc; path = AnimationDemoTests.m; sourceTree = "<group>"; };
		4F778F531AD5037500317960 /* dropdown_anim__00010@2x.png */ = {isa = PBXFileReference; lastKnownFileType = image.png; path = "dropdown_anim__00010@2x.png"; sourceTree = "<group>"; };
		4F778F541AD5037500317960 /* dropdown_anim__00011@2x.png */ = {isa = PBXFileReference; lastKnownFileType = image.png; path = "dropdown_anim__00011@2x.png"; sourceTree = "<group>"; };
		4F778F551AD5037500317960 /* dropdown_anim__00012@2x.png */ = {isa = PBXFileReference; lastKnownFileType = image.png; path = "dropdown_anim__00012@2x.png"; sourceTree = "<group>"; };
		4F778F561AD5037500317960 /* dropdown_anim__00013@2x.png */ = {isa = PBXFileReference; lastKnownFileType = image.png; path = "dropdown_anim__00013@2x.png"; sourceTree = "<group>"; };
		4F778F571AD5037500317960 /* dropdown_anim__00014@2x.png */ = {isa = PBXFileReference; lastKnownFileType = image.png; path = "dropdown_anim__00014@2x.png"; sourceTree = "<group>"; };
		4F778F581AD5037500317960 /* dropdown_anim__00015@2x.png */ = {isa = PBXFileReference; lastKnownFileType = image.png; path = "dropdown_anim__00015@2x.png"; sourceTree = "<group>"; };
		4F778F591AD5037500317960 /* dropdown_anim__00016@2x.png */ = {isa = PBXFileReference; lastKnownFileType = image.png; path = "dropdown_anim__00016@2x.png"; sourceTree = "<group>"; };
		4F778F5A1AD5037500317960 /* dropdown_anim__00017@2x.png */ = {isa = PBXFileReference; lastKnownFileType = image.png; path = "dropdown_anim__00017@2x.png"; sourceTree = "<group>"; };
		4F778F5B1AD5037500317960 /* dropdown_anim__00018@2x.png */ = {isa = PBXFileReference; lastKnownFileType = image.png; path = "dropdown_anim__00018@2x.png"; sourceTree = "<group>"; };
		4F778F5C1AD5037500317960 /* dropdown_anim__00019@2x.png */ = {isa = PBXFileReference; lastKnownFileType = image.png; path = "dropdown_anim__00019@2x.png"; sourceTree = "<group>"; };
		4F778F5D1AD5037500317960 /* dropdown_anim__0001@2x.png */ = {isa = PBXFileReference; lastKnownFileType = image.png; path = "dropdown_anim__0001@2x.png"; sourceTree = "<group>"; };
		4F778F5E1AD5037500317960 /* dropdown_anim__00020@2x.png */ = {isa = PBXFileReference; lastKnownFileType = image.png; path = "dropdown_anim__00020@2x.png"; sourceTree = "<group>"; };
		4F778F5F1AD5037500317960 /* dropdown_anim__00021@2x.png */ = {isa = PBXFileReference; lastKnownFileType = image.png; path = "dropdown_anim__00021@2x.png"; sourceTree = "<group>"; };
		4F778F601AD5037500317960 /* dropdown_anim__00022@2x.png */ = {isa = PBXFileReference; lastKnownFileType = image.png; path = "dropdown_anim__00022@2x.png"; sourceTree = "<group>"; };
		4F778F611AD5037500317960 /* dropdown_anim__00023@2x.png */ = {isa = PBXFileReference; lastKnownFileType = image.png; path = "dropdown_anim__00023@2x.png"; sourceTree = "<group>"; };
		4F778F621AD5037500317960 /* dropdown_anim__00024@2x.png */ = {isa = PBXFileReference; lastKnownFileType = image.png; path = "dropdown_anim__00024@2x.png"; sourceTree = "<group>"; };
		4F778F631AD5037500317960 /* dropdown_anim__00025@2x.png */ = {isa = PBXFileReference; lastKnownFileType = image.png; path = "dropdown_anim__00025@2x.png"; sourceTree = "<group>"; };
		4F778F641AD5037500317960 /* dropdown_anim__00026@2x.png */ = {isa = PBXFileReference; lastKnownFileType = image.png; path = "dropdown_anim__00026@2x.png"; sourceTree = "<group>"; };
		4F778F651AD5037500317960 /* dropdown_anim__00027@2x.png */ = {isa = PBXFileReference; lastKnownFileType = image.png; path = "dropdown_anim__00027@2x.png"; sourceTree = "<group>"; };
		4F778F661AD5037500317960 /* dropdown_anim__00028@2x.png */ = {isa = PBXFileReference; lastKnownFileType = image.png; path = "dropdown_anim__00028@2x.png"; sourceTree = "<group>"; };
		4F778F671AD5037500317960 /* dropdown_anim__00029@2x.png */ = {isa = PBXFileReference; lastKnownFileType = image.png; path = "dropdown_anim__00029@2x.png"; sourceTree = "<group>"; };
		4F778F681AD5037500317960 /* dropdown_anim__0002@2x.png */ = {isa = PBXFileReference; lastKnownFileType = image.png; path = "dropdown_anim__0002@2x.png"; sourceTree = "<group>"; };
		4F778F691AD5037500317960 /* dropdown_anim__00030@2x.png */ = {isa = PBXFileReference; lastKnownFileType = image.png; path = "dropdown_anim__00030@2x.png"; sourceTree = "<group>"; };
		4F778F6A1AD5037500317960 /* dropdown_anim__00031@2x.png */ = {isa = PBXFileReference; lastKnownFileType = image.png; path = "dropdown_anim__00031@2x.png"; sourceTree = "<group>"; };
		4F778F6B1AD5037500317960 /* dropdown_anim__00032@2x.png */ = {isa = PBXFileReference; lastKnownFileType = image.png; path = "dropdown_anim__00032@2x.png"; sourceTree = "<group>"; };
		4F778F6C1AD5037500317960 /* dropdown_anim__00033@2x.png */ = {isa = PBXFileReference; lastKnownFileType = image.png; path = "dropdown_anim__00033@2x.png"; sourceTree = "<group>"; };
		4F778F6D1AD5037500317960 /* dropdown_anim__00034@2x.png */ = {isa = PBXFileReference; lastKnownFileType = image.png; path = "dropdown_anim__00034@2x.png"; sourceTree = "<group>"; };
		4F778F6E1AD5037500317960 /* dropdown_anim__00035@2x.png */ = {isa = PBXFileReference; lastKnownFileType = image.png; path = "dropdown_anim__00035@2x.png"; sourceTree = "<group>"; };
		4F778F6F1AD5037500317960 /* dropdown_anim__00036@2x.png */ = {isa = PBXFileReference; lastKnownFileType = image.png; path = "dropdown_anim__00036@2x.png"; sourceTree = "<group>"; };
		4F778F701AD5037500317960 /* dropdown_anim__00037@2x.png */ = {isa = PBXFileReference; lastKnownFileType = image.png; path = "dropdown_anim__00037@2x.png"; sourceTree = "<group>"; };
		4F778F711AD5037500317960 /* dropdown_anim__00038@2x.png */ = {isa = PBXFileReference; lastKnownFileType = image.png; path = "dropdown_anim__00038@2x.png"; sourceTree = "<group>"; };
		4F778F721AD5037500317960 /* dropdown_anim__00039@2x.png */ = {isa = PBXFileReference; lastKnownFileType = image.png; path = "dropdown_anim__00039@2x.png"; sourceTree = "<group>"; };
		4F778F731AD5037500317960 /* dropdown_anim__0003@2x.png */ = {isa = PBXFileReference; lastKnownFileType = image.png; path = "dropdown_anim__0003@2x.png"; sourceTree = "<group>"; };
		4F778F741AD5037500317960 /* dropdown_anim__00040@2x.png */ = {isa = PBXFileReference; lastKnownFileType = image.png; path = "dropdown_anim__00040@2x.png"; sourceTree = "<group>"; };
		4F778F751AD5037500317960 /* dropdown_anim__00041@2x.png */ = {isa = PBXFileReference; lastKnownFileType = image.png; path = "dropdown_anim__00041@2x.png"; sourceTree = "<group>"; };
		4F778F761AD5037500317960 /* dropdown_anim__00042@2x.png */ = {isa = PBXFileReference; lastKnownFileType = image.png; path = "dropdown_anim__00042@2x.png"; sourceTree = "<group>"; };
		4F778F771AD5037500317960 /* dropdown_anim__00043@2x.png */ = {isa = PBXFileReference; lastKnownFileType = image.png; path = "dropdown_anim__00043@2x.png"; sourceTree = "<group>"; };
		4F778F781AD5037500317960 /* dropdown_anim__00044@2x.png */ = {isa = PBXFileReference; lastKnownFileType = image.png; path = "dropdown_anim__00044@2x.png"; sourceTree = "<group>"; };
		4F778F791AD5037500317960 /* dropdown_anim__00045@2x.png */ = {isa = PBXFileReference; lastKnownFileType = image.png; path = "dropdown_anim__00045@2x.png"; sourceTree = "<group>"; };
		4F778F7A1AD5037500317960 /* dropdown_anim__00046@2x.png */ = {isa = PBXFileReference; lastKnownFileType = image.png; path = "dropdown_anim__00046@2x.png"; sourceTree = "<group>"; };
		4F778F7B1AD5037500317960 /* dropdown_anim__00047@2x.png */ = {isa = PBXFileReference; lastKnownFileType = image.png; path = "dropdown_anim__00047@2x.png"; sourceTree = "<group>"; };
		4F778F7C1AD5037500317960 /* dropdown_anim__00048@2x.png */ = {isa = PBXFileReference; lastKnownFileType = image.png; path = "dropdown_anim__00048@2x.png"; sourceTree = "<group>"; };
		4F778F7D1AD5037500317960 /* dropdown_anim__00049@2x.png */ = {isa = PBXFileReference; lastKnownFileType = image.png; path = "dropdown_anim__00049@2x.png"; sourceTree = "<group>"; };
		4F778F7E1AD5037500317960 /* dropdown_anim__0004@2x.png */ = {isa = PBXFileReference; lastKnownFileType = image.png; path = "dropdown_anim__0004@2x.png"; sourceTree = "<group>"; };
		4F778F7F1AD5037500317960 /* dropdown_anim__00050@2x.png */ = {isa = PBXFileReference; lastKnownFileType = image.png; path = "dropdown_anim__00050@2x.png"; sourceTree = "<group>"; };
		4F778F801AD5037500317960 /* dropdown_anim__00051@2x.png */ = {isa = PBXFileReference; lastKnownFileType = image.png; path = "dropdown_anim__00051@2x.png"; sourceTree = "<group>"; };
		4F778F811AD5037500317960 /* dropdown_anim__00052@2x.png */ = {isa = PBXFileReference; lastKnownFileType = image.png; path = "dropdown_anim__00052@2x.png"; sourceTree = "<group>"; };
		4F778F821AD5037500317960 /* dropdown_anim__00053@2x.png */ = {isa = PBXFileReference; lastKnownFileType = image.png; path = "dropdown_anim__00053@2x.png"; sourceTree = "<group>"; };
		4F778F831AD5037500317960 /* dropdown_anim__00054@2x.png */ = {isa = PBXFileReference; lastKnownFileType = image.png; path = "dropdown_anim__00054@2x.png"; sourceTree = "<group>"; };
		4F778F841AD5037500317960 /* dropdown_anim__00055@2x.png */ = {isa = PBXFileReference; lastKnownFileType = image.png; path = "dropdown_anim__00055@2x.png"; sourceTree = "<group>"; };
		4F778F851AD5037500317960 /* dropdown_anim__00056@2x.png */ = {isa = PBXFileReference; lastKnownFileType = image.png; path = "dropdown_anim__00056@2x.png"; sourceTree = "<group>"; };
		4F778F861AD5037500317960 /* dropdown_anim__00057@2x.png */ = {isa = PBXFileReference; lastKnownFileType = image.png; path = "dropdown_anim__00057@2x.png"; sourceTree = "<group>"; };
		4F778F871AD5037500317960 /* dropdown_anim__00058@2x.png */ = {isa = PBXFileReference; lastKnownFileType = image.png; path = "dropdown_anim__00058@2x.png"; sourceTree = "<group>"; };
		4F778F881AD5037500317960 /* dropdown_anim__00059@2x.png */ = {isa = PBXFileReference; lastKnownFileType = image.png; path = "dropdown_anim__00059@2x.png"; sourceTree = "<group>"; };
		4F778F891AD5037500317960 /* dropdown_anim__0005@2x.png */ = {isa = PBXFileReference; lastKnownFileType = image.png; path = "dropdown_anim__0005@2x.png"; sourceTree = "<group>"; };
		4F778F8A1AD5037500317960 /* dropdown_anim__00060@2x.png */ = {isa = PBXFileReference; lastKnownFileType = image.png; path = "dropdown_anim__00060@2x.png"; sourceTree = "<group>"; };
		4F778F8B1AD5037500317960 /* dropdown_anim__0006@2x.png */ = {isa = PBXFileReference; lastKnownFileType = image.png; path = "dropdown_anim__0006@2x.png"; sourceTree = "<group>"; };
		4F778F8C1AD5037500317960 /* dropdown_anim__0007@2x.png */ = {isa = PBXFileReference; lastKnownFileType = image.png; path = "dropdown_anim__0007@2x.png"; sourceTree = "<group>"; };
		4F778F8D1AD5037500317960 /* dropdown_anim__0008@2x.png */ = {isa = PBXFileReference; lastKnownFileType = image.png; path = "dropdown_anim__0008@2x.png"; sourceTree = "<group>"; };
		4F778F8E1AD5037500317960 /* dropdown_anim__0009@2x.png */ = {isa = PBXFileReference; lastKnownFileType = image.png; path = "dropdown_anim__0009@2x.png"; sourceTree = "<group>"; };
		4F778F901AD5037500317960 /* dropdown_loading_01@2x.png */ = {isa = PBXFileReference; lastKnownFileType = image.png; path = "dropdown_loading_01@2x.png"; sourceTree = "<group>"; };
		4F778F911AD5037500317960 /* dropdown_loading_02@2x.png */ = {isa = PBXFileReference; lastKnownFileType = image.png; path = "dropdown_loading_02@2x.png"; sourceTree = "<group>"; };
		4F778F921AD5037500317960 /* dropdown_loading_03@2x.png */ = {isa = PBXFileReference; lastKnownFileType = image.png; path = "dropdown_loading_03@2x.png"; sourceTree = "<group>"; };
/* End PBXFileReference section */

/* Begin PBXFrameworksBuildPhase section */
		4F778F261AD5030B00317960 /* Frameworks */ = {
			isa = PBXFrameworksBuildPhase;
			buildActionMask = 2147483647;
			files = (
			);
			runOnlyForDeploymentPostprocessing = 0;
		};
		4F778F3F1AD5030B00317960 /* Frameworks */ = {
			isa = PBXFrameworksBuildPhase;
			buildActionMask = 2147483647;
			files = (
			);
			runOnlyForDeploymentPostprocessing = 0;
		};
/* End PBXFrameworksBuildPhase section */

/* Begin PBXGroup section */
		4F778F201AD5030B00317960 = {
			isa = PBXGroup;
			children = (
				4F778F2B1AD5030B00317960 /* AnimationDemo */,
				4F778F451AD5030B00317960 /* AnimationDemoTests */,
				4F778F2A1AD5030B00317960 /* Products */,
			);
			sourceTree = "<group>";
		};
		4F778F2A1AD5030B00317960 /* Products */ = {
			isa = PBXGroup;
			children = (
				4F778F291AD5030B00317960 /* AnimationDemo.app */,
				4F778F421AD5030B00317960 /* AnimationDemoTests.xctest */,
			);
			name = Products;
			sourceTree = "<group>";
		};
		4F778F2B1AD5030B00317960 /* AnimationDemo */ = {
			isa = PBXGroup;
			children = (
				4F778F301AD5030B00317960 /* AppDelegate.h */,
				4F778F311AD5030B00317960 /* AppDelegate.m */,
				4F778F331AD5030B00317960 /* ViewController.h */,
				4F778F341AD5030B00317960 /* ViewController.m */,
				4F778F521AD5037500317960 /* Anmation1 */,
				4F778F8F1AD5037500317960 /* Anmation2 */,
				4F778F361AD5030B00317960 /* Main.storyboard */,
				4F778F391AD5030B00317960 /* Images.xcassets */,
				4F778F3B1AD5030B00317960 /* LaunchScreen.xib */,
				4F778F2C1AD5030B00317960 /* Supporting Files */,
			);
			path = AnimationDemo;
			sourceTree = "<group>";
		};
		4F778F2C1AD5030B00317960 /* Supporting Files */ = {
			isa = PBXGroup;
			children = (
				4F778F2D1AD5030B00317960 /* Info.plist */,
				4F778F2E1AD5030B00317960 /* main.m */,
			);
			name = "Supporting Files";
			sourceTree = "<group>";
		};
		4F778F451AD5030B00317960 /* AnimationDemoTests */ = {
			isa = PBXGroup;
			children = (
				4F778F481AD5030B00317960 /* AnimationDemoTests.m */,
				4F778F461AD5030B00317960 /* Supporting Files */,
			);
			path = AnimationDemoTests;
			sourceTree = "<group>";
		};
		4F778F461AD5030B00317960 /* Supporting Files */ = {
			isa = PBXGroup;
			children = (
				4F778F471AD5030B00317960 /* Info.plist */,
			);
			name = "Supporting Files";
			sourceTree = "<group>";
		};
		4F778F521AD5037500317960 /* Anmation1 */ = {
			isa = PBXGroup;
			children = (
				4F778F531AD5037500317960 /* dropdown_anim__00010@2x.png */,
				4F778F541AD5037500317960 /* dropdown_anim__00011@2x.png */,
				4F778F551AD5037500317960 /* dropdown_anim__00012@2x.png */,
				4F778F561AD5037500317960 /* dropdown_anim__00013@2x.png */,
				4F778F571AD5037500317960 /* dropdown_anim__00014@2x.png */,
				4F778F581AD5037500317960 /* dropdown_anim__00015@2x.png */,
				4F778F591AD5037500317960 /* dropdown_anim__00016@2x.png */,
				4F778F5A1AD5037500317960 /* dropdown_anim__00017@2x.png */,
				4F778F5B1AD5037500317960 /* dropdown_anim__00018@2x.png */,
				4F778F5C1AD5037500317960 /* dropdown_anim__00019@2x.png */,
				4F778F5D1AD5037500317960 /* dropdown_anim__0001@2x.png */,
				4F778F5E1AD5037500317960 /* dropdown_anim__00020@2x.png */,
				4F778F5F1AD5037500317960 /* dropdown_anim__00021@2x.png */,
				4F778F601AD5037500317960 /* dropdown_anim__00022@2x.png */,
				4F778F611AD5037500317960 /* dropdown_anim__00023@2x.png */,
				4F778F621AD5037500317960 /* dropdown_anim__00024@2x.png */,
				4F778F631AD5037500317960 /* dropdown_anim__00025@2x.png */,
				4F778F641AD5037500317960 /* dropdown_anim__00026@2x.png */,
				4F778F651AD5037500317960 /* dropdown_anim__00027@2x.png */,
				4F778F661AD5037500317960 /* dropdown_anim__00028@2x.png */,
				4F778F671AD5037500317960 /* dropdown_anim__00029@2x.png */,
				4F778F681AD5037500317960 /* dropdown_anim__0002@2x.png */,
				4F778F691AD5037500317960 /* dropdown_anim__00030@2x.png */,
				4F778F6A1AD5037500317960 /* dropdown_anim__00031@2x.png */,
				4F778F6B1AD5037500317960 /* dropdown_anim__00032@2x.png */,
				4F778F6C1AD5037500317960 /* dropdown_anim__00033@2x.png */,
				4F778F6D1AD5037500317960 /* dropdown_anim__00034@2x.png */,
				4F778F6E1AD5037500317960 /* dropdown_anim__00035@2x.png */,
				4F778F6F1AD5037500317960 /* dropdown_anim__00036@2x.png */,
				4F778F701AD5037500317960 /* dropdown_anim__00037@2x.png */,
				4F778F711AD5037500317960 /* dropdown_anim__00038@2x.png */,
				4F778F721AD5037500317960 /* dropdown_anim__00039@2x.png */,
				4F778F731AD5037500317960 /* dropdown_anim__0003@2x.png */,
				4F778F741AD5037500317960 /* dropdown_anim__00040@2x.png */,
				4F778F751AD5037500317960 /* dropdown_anim__00041@2x.png */,
				4F778F761AD5037500317960 /* dropdown_anim__00042@2x.png */,
				4F778F771AD5037500317960 /* dropdown_anim__00043@2x.png */,
				4F778F781AD5037500317960 /* dropdown_anim__00044@2x.png */,
				4F778F791AD5037500317960 /* dropdown_anim__00045@2x.png */,
				4F778F7A1AD5037500317960 /* dropdown_anim__00046@2x.png */,
				4F778F7B1AD5037500317960 /* dropdown_anim__00047@2x.png */,
				4F778F7C1AD5037500317960 /* dropdown_anim__00048@2x.png */,
				4F778F7D1AD5037500317960 /* dropdown_anim__00049@2x.png */,
				4F778F7E1AD5037500317960 /* dropdown_anim__0004@2x.png */,
				4F778F7F1AD5037500317960 /* dropdown_anim__00050@2x.png */,
				4F778F801AD5037500317960 /* dropdown_anim__00051@2x.png */,
				4F778F811AD5037500317960 /* dropdown_anim__00052@2x.png */,
				4F778F821AD5037500317960 /* dropdown_anim__00053@2x.png */,
				4F778F831AD5037500317960 /* dropdown_anim__00054@2x.png */,
				4F778F841AD5037500317960 /* dropdown_anim__00055@2x.png */,
				4F778F851AD5037500317960 /* dropdown_anim__00056@2x.png */,
				4F778F861AD5037500317960 /* dropdown_anim__00057@2x.png */,
				4F778F871AD5037500317960 /* dropdown_anim__00058@2x.png */,
				4F778F881AD5037500317960 /* dropdown_anim__00059@2x.png */,
				4F778F891AD5037500317960 /* dropdown_anim__0005@2x.png */,
				4F778F8A1AD5037500317960 /* dropdown_anim__00060@2x.png */,
				4F778F8B1AD5037500317960 /* dropdown_anim__0006@2x.png */,
				4F778F8C1AD5037500317960 /* dropdown_anim__0007@2x.png */,
				4F778F8D1AD5037500317960 /* dropdown_anim__0008@2x.png */,
				4F778F8E1AD5037500317960 /* dropdown_anim__0009@2x.png */,
			);
			path = Anmation1;
			sourceTree = "<group>";
		};
		4F778F8F1AD5037500317960 /* Anmation2 */ = {
			isa = PBXGroup;
			children = (
				4F778F901AD5037500317960 /* dropdown_loading_01@2x.png */,
				4F778F911AD5037500317960 /* dropdown_loading_02@2x.png */,
				4F778F921AD5037500317960 /* dropdown_loading_03@2x.png */,
			);
			path = Anmation2;
			sourceTree = "<group>";
		};
/* End PBXGroup section */

/* Begin PBXNativeTarget section */
		4F778F281AD5030B00317960 /* AnimationDemo */ = {
			isa = PBXNativeTarget;
			buildConfigurationList = 4F778F4C1AD5030B00317960 /* Build configuration list for PBXNativeTarget "AnimationDemo" */;
			buildPhases = (
				4F778F251AD5030B00317960 /* Sources */,
				4F778F261AD5030B00317960 /* Frameworks */,
				4F778F271AD5030B00317960 /* Resources */,
			);
			buildRules = (
			);
			dependencies = (
			);
			name = AnimationDemo;
			productName = AnimationDemo;
			productReference = 4F778F291AD5030B00317960 /* AnimationDemo.app */;
			productType = "com.apple.product-type.application";
		};
		4F778F411AD5030B00317960 /* AnimationDemoTests */ = {
			isa = PBXNativeTarget;
			buildConfigurationList = 4F778F4F1AD5030B00317960 /* Build configuration list for PBXNativeTarget "AnimationDemoTests" */;
			buildPhases = (
				4F778F3E1AD5030B00317960 /* Sources */,
				4F778F3F1AD5030B00317960 /* Frameworks */,
				4F778F401AD5030B00317960 /* Resources */,
			);
			buildRules = (
			);
			dependencies = (
				4F778F441AD5030B00317960 /* PBXTargetDependency */,
			);
			name = AnimationDemoTests;
			productName = AnimationDemoTests;
			productReference = 4F778F421AD5030B00317960 /* AnimationDemoTests.xctest */;
			productType = "com.apple.product-type.bundle.unit-test";
		};
/* End PBXNativeTarget section */

/* Begin PBXProject section */
		4F778F211AD5030B00317960 /* Project object */ = {
			isa = PBXProject;
			attributes = {
				LastUpgradeCheck = 0620;
				ORGANIZATIONNAME = lhl;
				TargetAttributes = {
					4F778F281AD5030B00317960 = {
						CreatedOnToolsVersion = 6.2;
					};
					4F778F411AD5030B00317960 = {
						CreatedOnToolsVersion = 6.2;
						TestTargetID = 4F778F281AD5030B00317960;
					};
				};
			};
			buildConfigurationList = 4F778F241AD5030B00317960 /* Build configuration list for PBXProject "AnimationDemo" */;
			compatibilityVersion = "Xcode 3.2";
			developmentRegion = English;
			hasScannedForEncodings = 0;
			knownRegions = (
				en,
				Base,
			);
			mainGroup = 4F778F201AD5030B00317960;
			productRefGroup = 4F778F2A1AD5030B00317960 /* Products */;
			projectDirPath = "";
			projectRoot = "";
			targets = (
				4F778F281AD5030B00317960 /* AnimationDemo */,
				4F778F411AD5030B00317960 /* AnimationDemoTests */,
			);
		};
/* End PBXProject section */

/* Begin PBXResourcesBuildPhase section */
		4F778F271AD5030B00317960 /* Resources */ = {
			isa = PBXResourcesBuildPhase;
			buildActionMask = 2147483647;
			files = (
				4F778FED1AD5037500317960 /* dropdown_anim__00051@2x.png in Resources */,
				4F77900F1AD5037500317960 /* dropdown_loading_03@2x.png in Resources */,
				4F778FD71AD5037500317960 /* dropdown_anim__00041@2x.png in Resources */,
				4F778FCB1AD5037500317960 /* dropdown_anim__00036@2x.png in Resources */,
				4F778FE11AD5037500317960 /* dropdown_anim__00046@2x.png in Resources */,
				4F7790031AD5037500317960 /* dropdown_anim__0006@2x.png in Resources */,
				4F778FDF1AD5037500317960 /* dropdown_anim__00045@2x.png in Resources */,
				4F778FA31AD5037500317960 /* dropdown_anim__00018@2x.png in Resources */,
				4F778F9D1AD5037500317960 /* dropdown_anim__00015@2x.png in Resources */,
				4F778FDD1AD5037500317960 /* dropdown_anim__00044@2x.png in Resources */,
				4F778FF31AD5037500317960 /* dropdown_anim__00054@2x.png in Resources */,
				4F778FBF1AD5037500317960 /* dropdown_anim__00030@2x.png in Resources */,
				4F778FB31AD5037500317960 /* dropdown_anim__00025@2x.png in Resources */,
				4F778FBD1AD5037500317960 /* dropdown_anim__0002@2x.png in Resources */,
				4F778FF51AD5037500317960 /* dropdown_anim__00055@2x.png in Resources */,
				4F778F971AD5037500317960 /* dropdown_anim__00012@2x.png in Resources */,
				4F778FA51AD5037500317960 /* dropdown_anim__00019@2x.png in Resources */,
				4F778FEB1AD5037500317960 /* dropdown_anim__00050@2x.png in Resources */,
				4F778F931AD5037500317960 /* dropdown_anim__00010@2x.png in Resources */,
				4F778FB51AD5037500317960 /* dropdown_anim__00026@2x.png in Resources */,
				4F778FA71AD5037500317960 /* dropdown_anim__0001@2x.png in Resources */,
				4F778F951AD5037500317960 /* dropdown_anim__00011@2x.png in Resources */,
				4F778FA91AD5037500317960 /* dropdown_anim__00020@2x.png in Resources */,
				4F778FC91AD5037500317960 /* dropdown_anim__00035@2x.png in Resources */,
				4F778FB71AD5037500317960 /* dropdown_anim__00027@2x.png in Resources */,
				4F778FC51AD5037500317960 /* dropdown_anim__00033@2x.png in Resources */,
				4F778F991AD5037500317960 /* dropdown_anim__00013@2x.png in Resources */,
				4F778FB11AD5037500317960 /* dropdown_anim__00024@2x.png in Resources */,
				4F778FF11AD5037500317960 /* dropdown_anim__00053@2x.png in Resources */,
				4F778FEF1AD5037500317960 /* dropdown_anim__00052@2x.png in Resources */,
				4F7790091AD5037500317960 /* dropdown_anim__0009@2x.png in Resources */,
				4F778FFB1AD5037500317960 /* dropdown_anim__00058@2x.png in Resources */,
				4F778FE71AD5037500317960 /* dropdown_anim__00049@2x.png in Resources */,
				4F778FF91AD5037500317960 /* dropdown_anim__00057@2x.png in Resources */,
				4F77900B1AD5037500317960 /* dropdown_loading_01@2x.png in Resources */,
				4F778FB91AD5037500317960 /* dropdown_anim__00028@2x.png in Resources */,
				4F778FE51AD5037500317960 /* dropdown_anim__00048@2x.png in Resources */,
				4F778FA11AD5037500317960 /* dropdown_anim__00017@2x.png in Resources */,
				4F778FAB1AD5037500317960 /* dropdown_anim__00021@2x.png in Resources */,
				4F778FAD1AD5037500317960 /* dropdown_anim__00022@2x.png in Resources */,
				4F778FD91AD5037500317960 /* dropdown_anim__00042@2x.png in Resources */,
				4F778F9B1AD5037500317960 /* dropdown_anim__00014@2x.png in Resources */,
				4F778FC31AD5037500317960 /* dropdown_anim__00032@2x.png in Resources */,
				4F778FC71AD5037500317960 /* dropdown_anim__00034@2x.png in Resources */,
				4F778FE31AD5037500317960 /* dropdown_anim__00047@2x.png in Resources */,
				4F7790051AD5037500317960 /* dropdown_anim__0007@2x.png in Resources */,
				4F778FD51AD5037500317960 /* dropdown_anim__00040@2x.png in Resources */,
				4F778FFD1AD5037500317960 /* dropdown_anim__00059@2x.png in Resources */,
				4F778FFF1AD5037500317960 /* dropdown_anim__0005@2x.png in Resources */,
				4F778FBB1AD5037500317960 /* dropdown_anim__00029@2x.png in Resources */,
				4F778FCF1AD5037500317960 /* dropdown_anim__00038@2x.png in Resources */,
				4F778F9F1AD5037500317960 /* dropdown_anim__00016@2x.png in Resources */,
				4F778F381AD5030B00317960 /* Main.storyboard in Resources */,
				4F778FD31AD5037500317960 /* dropdown_anim__0003@2x.png in Resources */,
				4F778FC11AD5037500317960 /* dropdown_anim__00031@2x.png in Resources */,
				4F7790011AD5037500317960 /* dropdown_anim__00060@2x.png in Resources */,
				4F778F3D1AD5030B00317960 /* LaunchScreen.xib in Resources */,
				4F778FAF1AD5037500317960 /* dropdown_anim__00023@2x.png in Resources */,
				4F778FF71AD5037500317960 /* dropdown_anim__00056@2x.png in Resources */,
				4F7790071AD5037500317960 /* dropdown_anim__0008@2x.png in Resources */,
				4F778FD11AD5037500317960 /* dropdown_anim__00039@2x.png in Resources */,
				4F778FCD1AD5037500317960 /* dropdown_anim__00037@2x.png in Resources */,
				4F778FDB1AD5037500317960 /* dropdown_anim__00043@2x.png in Resources */,
				4F77900D1AD5037500317960 /* dropdown_loading_02@2x.png in Resources */,
				4F778F3A1AD5030B00317960 /* Images.xcassets in Resources */,
				4F778FE91AD5037500317960 /* dropdown_anim__0004@2x.png in Resources */,
			);
			runOnlyForDeploymentPostprocessing = 0;
		};
		4F778F401AD5030B00317960 /* Resources */ = {
			isa = PBXResourcesBuildPhase;
			buildActionMask = 2147483647;
			files = (
				4F7790081AD5037500317960 /* dropdown_anim__0008@2x.png in Resources */,
				4F778FB41AD5037500317960 /* dropdown_anim__00025@2x.png in Resources */,
				4F778FCE1AD5037500317960 /* dropdown_anim__00037@2x.png in Resources */,
				4F778FAC1AD5037500317960 /* dropdown_anim__00021@2x.png in Resources */,
				4F778FF61AD5037500317960 /* dropdown_anim__00055@2x.png in Resources */,
				4F778FEC1AD5037500317960 /* dropdown_anim__00050@2x.png in Resources */,
				4F778FD21AD5037500317960 /* dropdown_anim__00039@2x.png in Resources */,
				4F7790101AD5037500317960 /* dropdown_loading_03@2x.png in Resources */,
				4F778FF41AD5037500317960 /* dropdown_anim__00054@2x.png in Resources */,
				4F778FB01AD5037500317960 /* dropdown_anim__00023@2x.png in Resources */,
				4F778FFC1AD5037500317960 /* dropdown_anim__00058@2x.png in Resources */,
				4F778FDA1AD5037500317960 /* dropdown_anim__00042@2x.png in Resources */,
				4F778FA41AD5037500317960 /* dropdown_anim__00018@2x.png in Resources */,
				4F778FAA1AD5037500317960 /* dropdown_anim__00020@2x.png in Resources */,
				4F778FD81AD5037500317960 /* dropdown_anim__00041@2x.png in Resources */,
				4F778FBA1AD5037500317960 /* dropdown_anim__00028@2x.png in Resources */,
				4F778FEA1AD5037500317960 /* dropdown_anim__0004@2x.png in Resources */,
				4F778F9C1AD5037500317960 /* dropdown_anim__00014@2x.png in Resources */,
				4F778FC41AD5037500317960 /* dropdown_anim__00032@2x.png in Resources */,
				4F778FB81AD5037500317960 /* dropdown_anim__00027@2x.png in Resources */,
				4F778FF21AD5037500317960 /* dropdown_anim__00053@2x.png in Resources */,
				4F778FA01AD5037500317960 /* dropdown_anim__00016@2x.png in Resources */,
				4F778FD01AD5037500317960 /* dropdown_anim__00038@2x.png in Resources */,
				4F778FEE1AD5037500317960 /* dropdown_anim__00051@2x.png in Resources */,
				4F77900A1AD5037500317960 /* dropdown_anim__0009@2x.png in Resources */,
				4F778F981AD5037500317960 /* dropdown_anim__00012@2x.png in Resources */,
				4F778FC61AD5037500317960 /* dropdown_anim__00033@2x.png in Resources */,
				4F778FE21AD5037500317960 /* dropdown_anim__00046@2x.png in Resources */,
				4F778FE81AD5037500317960 /* dropdown_anim__00049@2x.png in Resources */,
				4F778FE41AD5037500317960 /* dropdown_anim__00047@2x.png in Resources */,
				4F778FD61AD5037500317960 /* dropdown_anim__00040@2x.png in Resources */,
				4F778FCC1AD5037500317960 /* dropdown_anim__00036@2x.png in Resources */,
				4F778F941AD5037500317960 /* dropdown_anim__00010@2x.png in Resources */,
				4F778FC21AD5037500317960 /* dropdown_anim__00031@2x.png in Resources */,
				4F778FF81AD5037500317960 /* dropdown_anim__00056@2x.png in Resources */,
				4F778FB61AD5037500317960 /* dropdown_anim__00026@2x.png in Resources */,
				4F778F9E1AD5037500317960 /* dropdown_anim__00015@2x.png in Resources */,
				4F778FC81AD5037500317960 /* dropdown_anim__00034@2x.png in Resources */,
				4F778FA81AD5037500317960 /* dropdown_anim__0001@2x.png in Resources */,
				4F778FC01AD5037500317960 /* dropdown_anim__00030@2x.png in Resources */,
				4F778F961AD5037500317960 /* dropdown_anim__00011@2x.png in Resources */,
				4F778F9A1AD5037500317960 /* dropdown_anim__00013@2x.png in Resources */,
				4F778FFE1AD5037500317960 /* dropdown_anim__00059@2x.png in Resources */,
				4F778FA21AD5037500317960 /* dropdown_anim__00017@2x.png in Resources */,
				4F778FB21AD5037500317960 /* dropdown_anim__00024@2x.png in Resources */,
				4F77900E1AD5037500317960 /* dropdown_loading_02@2x.png in Resources */,
				4F778FDC1AD5037500317960 /* dropdown_anim__00043@2x.png in Resources */,
				4F778FCA1AD5037500317960 /* dropdown_anim__00035@2x.png in Resources */,
				4F778FE01AD5037500317960 /* dropdown_anim__00045@2x.png in Resources */,
				4F7790021AD5037500317960 /* dropdown_anim__00060@2x.png in Resources */,
				4F778FFA1AD5037500317960 /* dropdown_anim__00057@2x.png in Resources */,
				4F778FF01AD5037500317960 /* dropdown_anim__00052@2x.png in Resources */,
				4F778FE61AD5037500317960 /* dropdown_anim__00048@2x.png in Resources */,
				4F7790041AD5037500317960 /* dropdown_anim__0006@2x.png in Resources */,
				4F778FBC1AD5037500317960 /* dropdown_anim__00029@2x.png in Resources */,
				4F7790061AD5037500317960 /* dropdown_anim__0007@2x.png in Resources */,
				4F778FDE1AD5037500317960 /* dropdown_anim__00044@2x.png in Resources */,
				4F778FD41AD5037500317960 /* dropdown_anim__0003@2x.png in Resources */,
				4F778FA61AD5037500317960 /* dropdown_anim__00019@2x.png in Resources */,
				4F77900C1AD5037500317960 /* dropdown_loading_01@2x.png in Resources */,
				4F7790001AD5037500317960 /* dropdown_anim__0005@2x.png in Resources */,
				4F778FBE1AD5037500317960 /* dropdown_anim__0002@2x.png in Resources */,
				4F778FAE1AD5037500317960 /* dropdown_anim__00022@2x.png in Resources */,
			);
			runOnlyForDeploymentPostprocessing = 0;
		};
/* End PBXResourcesBuildPhase section */

/* Begin PBXSourcesBuildPhase section */
		4F778F251AD5030B00317960 /* Sources */ = {
			isa = PBXSourcesBuildPhase;
			buildActionMask = 2147483647;
			files = (
				4F778F351AD5030B00317960 /* ViewController.m in Sources */,
				4F778F321AD5030B00317960 /* AppDelegate.m in Sources */,
				4F778F2F1AD5030B00317960 /* main.m in Sources */,
			);
			runOnlyForDeploymentPostprocessing = 0;
		};
		4F778F3E1AD5030B00317960 /* Sources */ = {
			isa = PBXSourcesBuildPhase;
			buildActionMask = 2147483647;
			files = (
				4F778F491AD5030B00317960 /* AnimationDemoTests.m in Sources */,
			);
			runOnlyForDeploymentPostprocessing = 0;
		};
/* End PBXSourcesBuildPhase section */

/* Begin PBXTargetDependency section */
		4F778F441AD5030B00317960 /* PBXTargetDependency */ = {
			isa = PBXTargetDependency;
			target = 4F778F281AD5030B00317960 /* AnimationDemo */;
			targetProxy = 4F778F431AD5030B00317960 /* PBXContainerItemProxy */;
		};
/* End PBXTargetDependency section */

/* Begin PBXVariantGroup section */
		4F778F361AD5030B00317960 /* Main.storyboard */ = {
			isa = PBXVariantGroup;
			children = (
				4F778F371AD5030B00317960 /* Base */,
			);
			name = Main.storyboard;
			sourceTree = "<group>";
		};
		4F778F3B1AD5030B00317960 /* LaunchScreen.xib */ = {
			isa = PBXVariantGroup;
			children = (
				4F778F3C1AD5030B00317960 /* Base */,
			);
			name = LaunchScreen.xib;
			sourceTree = "<group>";
		};
/* End PBXVariantGroup section */

/* Begin XCBuildConfiguration section */
		4F778F4A1AD5030B00317960 /* Debug */ = {
			isa = XCBuildConfiguration;
			buildSettings = {
				ALWAYS_SEARCH_USER_PATHS = NO;
				CLANG_CXX_LANGUAGE_STANDARD = "gnu++0x";
				CLANG_CXX_LIBRARY = "libc++";
				CLANG_ENABLE_MODULES = YES;
				CLANG_ENABLE_OBJC_ARC = YES;
				CLANG_WARN_BOOL_CONVERSION = YES;
				CLANG_WARN_CONSTANT_CONVERSION = YES;
				CLANG_WARN_DIRECT_OBJC_ISA_USAGE = YES_ERROR;
				CLANG_WARN_EMPTY_BODY = YES;
				CLANG_WARN_ENUM_CONVERSION = YES;
				CLANG_WARN_INT_CONVERSION = YES;
				CLANG_WARN_OBJC_ROOT_CLASS = YES_ERROR;
				CLANG_WARN_UNREACHABLE_CODE = YES;
				CLANG_WARN__DUPLICATE_METHOD_MATCH = YES;
				"CODE_SIGN_IDENTITY[sdk=iphoneos*]" = "iPhone Developer";
				COPY_PHASE_STRIP = NO;
				ENABLE_STRICT_OBJC_MSGSEND = YES;
				GCC_C_LANGUAGE_STANDARD = gnu99;
				GCC_DYNAMIC_NO_PIC = NO;
				GCC_OPTIMIZATION_LEVEL = 0;
				GCC_PREPROCESSOR_DEFINITIONS = (
					"DEBUG=1",
					"$(inherited)",
				);
				GCC_SYMBOLS_PRIVATE_EXTERN = NO;
				GCC_WARN_64_TO_32_BIT_CONVERSION = YES;
				GCC_WARN_ABOUT_RETURN_TYPE = YES_ERROR;
				GCC_WARN_UNDECLARED_SELECTOR = YES;
				GCC_WARN_UNINITIALIZED_AUTOS = YES_AGGRESSIVE;
				GCC_WARN_UNUSED_FUNCTION = YES;
				GCC_WARN_UNUSED_VARIABLE = YES;
				IPHONEOS_DEPLOYMENT_TARGET = 8.0;
				MTL_ENABLE_DEBUG_INFO = YES;
				ONLY_ACTIVE_ARCH = YES;
				SDKROOT = iphoneos;
			};
			name = Debug;
		};
		4F778F4B1AD5030B00317960 /* Release */ = {
			isa = XCBuildConfiguration;
			buildSettings = {
				ALWAYS_SEARCH_USER_PATHS = NO;
				CLANG_CXX_LANGUAGE_STANDARD = "gnu++0x";
				CLANG_CXX_LIBRARY = "libc++";
				CLANG_ENABLE_MODULES = YES;
				CLANG_ENABLE_OBJC_ARC = YES;
				CLANG_WARN_BOOL_CONVERSION = YES;
				CLANG_WARN_CONSTANT_CONVERSION = YES;
				CLANG_WARN_DIRECT_OBJC_ISA_USAGE = YES_ERROR;
				CLANG_WARN_EMPTY_BODY = YES;
				CLANG_WARN_ENUM_CONVERSION = YES;
				CLANG_WARN_INT_CONVERSION = YES;
				CLANG_WARN_OBJC_ROOT_CLASS = YES_ERROR;
				CLANG_WARN_UNREACHABLE_CODE = YES;
				CLANG_WARN__DUPLICATE_METHOD_MATCH = YES;
				"CODE_SIGN_IDENTITY[sdk=iphoneos*]" = "iPhone Developer";
				COPY_PHASE_STRIP = NO;
				ENABLE_NS_ASSERTIONS = NO;
				ENABLE_STRICT_OBJC_MSGSEND = YES;
				GCC_C_LANGUAGE_STANDARD = gnu99;
				GCC_WARN_64_TO_32_BIT_CONVERSION = YES;
				GCC_WARN_ABOUT_RETURN_TYPE = YES_ERROR;
				GCC_WARN_UNDECLARED_SELECTOR = YES;
				GCC_WARN_UNINITIALIZED_AUTOS = YES_AGGRESSIVE;
				GCC_WARN_UNUSED_FUNCTION = YES;
				GCC_WARN_UNUSED_VARIABLE = YES;
				IPHONEOS_DEPLOYMENT_TARGET = 8.0;
				MTL_ENABLE_DEBUG_INFO = NO;
				SDKROOT = iphoneos;
				VALIDATE_PRODUCT = YES;
			};
			name = Release;
		};
		4F778F4D1AD5030B00317960 /* Debug */ = {
			isa = XCBuildConfiguration;
			buildSettings = {
				ASSETCATALOG_COMPILER_APPICON_NAME = AppIcon;
				INFOPLIST_FILE = AnimationDemo/Info.plist;
				LD_RUNPATH_SEARCH_PATHS = "$(inherited) @executable_path/Frameworks";
				PRODUCT_NAME = "$(TARGET_NAME)";
			};
			name = Debug;
		};
		4F778F4E1AD5030B00317960 /* Release */ = {
			isa = XCBuildConfiguration;
			buildSettings = {
				ASSETCATALOG_COMPILER_APPICON_NAME = AppIcon;
				INFOPLIST_FILE = AnimationDemo/Info.plist;
				LD_RUNPATH_SEARCH_PATHS = "$(inherited) @executable_path/Frameworks";
				PRODUCT_NAME = "$(TARGET_NAME)";
			};
			name = Release;
		};
		4F778F501AD5030B00317960 /* Debug */ = {
			isa = XCBuildConfiguration;
			buildSettings = {
				BUNDLE_LOADER = "$(TEST_HOST)";
				FRAMEWORK_SEARCH_PATHS = (
					"$(SDKROOT)/Developer/Library/Frameworks",
					"$(inherited)",
				);
				GCC_PREPROCESSOR_DEFINITIONS = (
					"DEBUG=1",
					"$(inherited)",
				);
				INFOPLIST_FILE = AnimationDemoTests/Info.plist;
				LD_RUNPATH_SEARCH_PATHS = "$(inherited) @executable_path/Frameworks @loader_path/Frameworks";
				PRODUCT_NAME = "$(TARGET_NAME)";
				TEST_HOST = "$(BUILT_PRODUCTS_DIR)/AnimationDemo.app/AnimationDemo";
			};
			name = Debug;
		};
		4F778F511AD5030B00317960 /* Release */ = {
			isa = XCBuildConfiguration;
			buildSettings = {
				BUNDLE_LOADER = "$(TEST_HOST)";
				FRAMEWORK_SEARCH_PATHS = (
					"$(SDKROOT)/Developer/Library/Frameworks",
					"$(inherited)",
				);
				INFOPLIST_FILE = AnimationDemoTests/Info.plist;
				LD_RUNPATH_SEARCH_PATHS = "$(inherited) @executable_path/Frameworks @loader_path/Frameworks";
				PRODUCT_NAME = "$(TARGET_NAME)";
				TEST_HOST = "$(BUILT_PRODUCTS_DIR)/AnimationDemo.app/AnimationDemo";
			};
			name = Release;
		};
/* End XCBuildConfiguration section */

/* Begin XCConfigurationList section */
		4F778F241AD5030B00317960 /* Build configuration list for PBXProject "AnimationDemo" */ = {
			isa = XCConfigurationList;
			buildConfigurations = (
				4F778F4A1AD5030B00317960 /* Debug */,
				4F778F4B1AD5030B00317960 /* Release */,
			);
			defaultConfigurationIsVisible = 0;
			defaultConfigurationName = Release;
		};
		4F778F4C1AD5030B00317960 /* Build configuration list for PBXNativeTarget "AnimationDemo" */ = {
			isa = XCConfigurationList;
			buildConfigurations = (
				4F778F4D1AD5030B00317960 /* Debug */,
				4F778F4E1AD5030B00317960 /* Release */,
			);
			defaultConfigurationIsVisible = 0;
		};
		4F778F4F1AD5030B00317960 /* Build configuration list for PBXNativeTarget "AnimationDemoTests" */ = {
			isa = XCConfigurationList;
			buildConfigurations = (
				4F778F501AD5030B00317960 /* Debug */,
				4F778F511AD5030B00317960 /* Release */,
			);
			defaultConfigurationIsVisible = 0;
		};
/* End XCConfigurationList section */
	};
	rootObject = 4F778F211AD5030B00317960 /* Project object */;
}
